
Microsoft Visual Studio Solution File, Format Version 12.00
# Visual Studio Version 17
VisualStudioVersion = 17.11.35327.3
MinimumVisualStudioVersion = 10.0.40219.1
Project("{FAE04EC0-301F-11D3-BF4B-00C04F79EFBC}") = "alertas", "alertas.csproj", "{82B3DAFA-2B46-47F3-A602-B3D918E1B95B}"
EndProject
Global
	GlobalSection(SolutionConfigurationPlatforms) = preSolution
		Debug|Any CPU = Debug|Any CPU
		Debug|ARM64 = Debug|ARM64
		Release|Any CPU = Release|Any CPU
		Release|ARM64 = Release|ARM64
	EndGlobalSection
	GlobalSection(ProjectConfigurationPlatforms) = postSolution
		{82B3DAFA-2B46-47F3-A602-B3D918E1B95B}.Debug|Any CPU.ActiveCfg = Debug|Any CPU
		{82B3DAFA-2B46-47F3-A602-B3D918E1B95B}.Debug|Any CPU.Build.0 = Debug|Any CPU
		{82B3DAFA-2B46-47F3-A602-B3D918E1B95B}.Debug|ARM64.ActiveCfg = Debug|ARM64
		{82B3DAFA-2B46-47F3-A602-B3D918E1B95B}.Debug|ARM64.Build.0 = Debug|ARM64
		{82B3DAFA-2B46-47F3-A602-B3D918E1B95B}.Release|Any CPU.ActiveCfg = Release|Any CPU
		{82B3DAFA-2B46-47F3-A602-B3D918E1B95B}.Release|Any CPU.Build.0 = Release|Any CPU
		{82B3DAFA-2B46-47F3-A602-B3D918E1B95B}.Release|ARM64.ActiveCfg = Release|ARM64
		{82B3DAFA-2B46-47F3-A602-B3D918E1B95B}.Release|ARM64.Build.0 = Release|ARM64
	EndGlobalSection
	GlobalSection(SolutionProperties) = preSolution
		HideSolutionNode = FALSE
	EndGlobalSection
	GlobalSection(ExtensibilityGlobals) = postSolution
		SolutionGuid = {4222EBC3-1F75-42BE-9E15-E402DB4F5B08}
	EndGlobalSection
EndGlobal
